[[package]]
category = "main"
description = "Python package for providing Mozilla's CA Bundle."
name = "certifi"
optional = false
python-versions = "*"
version = "2019.9.11"

[[package]]
category = "main"
description = "Universal encoding detector for Python 2 and 3"
name = "chardet"
optional = false
python-versions = "*"
version = "3.0.4"

[[package]]
category = "main"
description = "Composable command line interface toolkit"
name = "click"
optional = false
python-versions = ">=2.7, !=3.0.*, !=3.1.*, !=3.2.*, !=3.3.*"
version = "7.0"

[[package]]
category = "main"
description = "Extended pickling support for Python objects"
name = "cloudpickle"
optional = false
python-versions = "*"
version = "1.2.2"

[[package]]
category = "main"
description = "croniter provides iteration for datetime object with cron like format"
name = "croniter"
optional = false
python-versions = ">=2.6, !=3.0.*, !=3.1.*, !=3.2.*, !=3.3.*"
version = "0.3.30"

[package.dependencies]
python-dateutil = "*"

[[package]]
category = "main"
description = "Parallel PyData with Task Scheduling"
name = "dask"
optional = false
python-versions = ">=3.5"
version = "2.6.0"

[package.dependencies]
cloudpickle = ">=0.2.1"
fsspec = ">=0.5.1"
partd = ">=0.3.10"
toolz = ">=0.7.3"

[[package]]
category = "main"
description = "Better living through Python with decorators"
name = "decorator"
optional = false
python-versions = ">=2.6, !=3.0.*, !=3.1.*"
version = "4.4.0"

[[package]]
category = "main"
description = "Distributed scheduler for Dask"
name = "distributed"
optional = false
python-versions = ">=3.5"
version = "2.6.0"

[package.dependencies]
click = ">=6.6"
cloudpickle = ">=0.2.2"
dask = ">=2.5.2"
msgpack = "*"
psutil = ">=5.0"
pyyaml = "*"
sortedcontainers = "<2.0.0 || >2.0.0,<2.0.1 || >2.0.1"
tblib = "*"
toolz = ">=0.7.4"
tornado = ">=5"
zict = ">=0.1.3"

[[package]]
category = "main"
description = "A Python library for the Docker Engine API."
name = "docker"
optional = false
python-versions = ">=2.7, !=3.0.*, !=3.1.*, !=3.2.*, !=3.3.*, !=3.4.*"
version = "4.1.0"

[package.dependencies]
requests = ">=2.14.2,<2.18.0 || >2.18.0"
six = ">=1.4.0"
websocket-client = ">=0.32.0"

[package.dependencies.pypiwin32]
python = ">=3.6"
version = "223"

[[package]]
category = "main"
description = "File-system specification"
marker = "extra == \"bag\""
name = "fsspec"
optional = false
python-versions = ">=3.5"
version = "0.5.2"

[[package]]
category = "main"
description = "Clean single-source support for Python 3 and 2"
name = "future"
optional = false
python-versions = ">=2.6, !=3.0.*, !=3.1.*, !=3.2.*"
version = "0.18.0"

[[package]]
category = "main"
description = "Geocoder is a simple and consistent geocoding library."
name = "geocoder"
optional = false
python-versions = "*"
version = "1.38.1"

[package.dependencies]
click = "*"
future = "*"
ratelim = "*"
requests = "*"
six = "*"

[[package]]
category = "main"
description = "a heap with decrease-key and increase-key operations"
name = "heapdict"
optional = false
python-versions = "*"
version = "1.0.1"

[[package]]
category = "main"
description = "Internationalized Domain Names in Applications (IDNA)"
name = "idna"
optional = false
python-versions = ">=2.7, !=3.0.*, !=3.1.*, !=3.2.*, !=3.3.*"
version = "2.8"

[[package]]
category = "main"
description = "File-based locks for Python for Linux and Windows"
marker = "extra == \"bag\""
name = "locket"
optional = false
python-versions = "*"
version = "0.2.0"

[[package]]
category = "main"
description = "A lightweight library for converting complex datatypes to and from native Python datatypes."
name = "marshmallow"
optional = false
python-versions = ">=3.5"
version = "3.0.5"

[[package]]
category = "main"
description = "marshmallow multiplexing schema"
name = "marshmallow-oneofschema"
optional = false
python-versions = ">=3.5"
version = "2.0.1"

[package.dependencies]
marshmallow = ">=3.0.0rc6,<4.0.0"

[[package]]
category = "main"
description = "MessagePack (de)serializer."
name = "msgpack"
optional = false
python-versions = "*"
version = "0.6.2"

[[package]]
category = "main"
description = "Experimental type system extensions for programs checked with the mypy typechecker."
name = "mypy-extensions"
optional = false
python-versions = "*"
version = "0.4.2"

[[package]]
category = "main"
description = "Appendable key-value storage"
marker = "extra == \"bag\""
name = "partd"
optional = false
python-versions = "*"
version = "1.0.0"

[package.dependencies]
locket = "*"
toolz = "*"

[[package]]
category = "main"
description = "Python datetimes made easy"
name = "pendulum"
optional = false
python-versions = ">=2.7, !=3.0.*, !=3.1.*, !=3.2.*, !=3.3.*"
version = "2.0.5"

[package.dependencies]
python-dateutil = ">=2.6,<3.0"
pytzdata = ">=2018.3"

[[package]]
category = "main"
description = "The Prefect Core automation and scheduling engine."
name = "prefect"
optional = false
python-versions = ">=3.5.2"
version = "0.6.7"

[package.dependencies]
click = ">=7.0,<8.0"
cloudpickle = ">=0.6.0,<1.3"
croniter = ">=0.3.24,<1.0"
dask = ">=0.19.3,<3.0"
distributed = ">=1.26.1,<3.0"
docker = ">=3.4.1,<5.0"
marshmallow = ">=3.0.0b19,<3.1.0"
marshmallow-oneofschema = ">=2.0.0b2,<3.0"
mypy-extensions = ">=0.4.0,<1.0"
pendulum = ">=2.0.4,<3.0"
python-box = ">=3.4.4,<4.0"
python-dateutil = ">=2.7,<3.0"
python-slugify = ">=1.2.6,<4.0"
pytz = ">=2018.7"
pyyaml = ">=3.13,<5.2"
requests = ">=2.20,<3.0"
tabulate = ">=0.8.0,<1.0"
toml = ">=0.9.4,<1.0"
typing = ">=3.6.1,<4.0"
typing-extensions = ">=3.6.2,<4.0"

[[package]]
category = "main"
description = "Cross-platform lib for process and system monitoring in Python."
name = "psutil"
optional = false
python-versions = ">=2.6, !=3.0.*, !=3.1.*, !=3.2.*, !=3.3.*"
version = "5.6.3"

[[package]]
category = "main"
description = ""
marker = "sys_platform == \"win32\" and python_version >= \"3.6\""
name = "pypiwin32"
optional = false
python-versions = "*"
version = "223"

[package.dependencies]
pywin32 = ">=223"

[[package]]
category = "main"
description = "Advanced Python dictionaries with dot notation access"
name = "python-box"
optional = false
python-versions = "*"
version = "3.4.5"

[[package]]
category = "main"
description = "Extensions to the standard Python datetime module"
name = "python-dateutil"
optional = false
python-versions = ">=2.7, !=3.0.*, !=3.1.*, !=3.2.*"
version = "2.8.0"

[package.dependencies]
six = ">=1.5"

[[package]]
category = "main"
description = "A Python Slugify application that handles Unicode"
name = "python-slugify"
optional = false
python-versions = "*"
version = "3.0.6"

[package.dependencies]
text-unidecode = ">=1.3"

[[package]]
category = "main"
description = "World timezone definitions, modern and historical"
name = "pytz"
optional = false
python-versions = "*"
version = "2019.3"

[[package]]
category = "main"
description = "The Olson timezone database for Python."
name = "pytzdata"
optional = false
python-versions = ">=2.7, !=3.0.*, !=3.1.*, !=3.2.*, !=3.3.*"
version = "2019.3"

[[package]]
category = "main"
description = "Python for Window Extensions"
marker = "sys_platform == \"win32\" and python_version >= \"3.6\""
name = "pywin32"
optional = false
python-versions = "*"
version = "225"

[[package]]
category = "main"
description = "YAML parser and emitter for Python"
name = "pyyaml"
optional = false
python-versions = ">=2.7, !=3.0.*, !=3.1.*, !=3.2.*, !=3.3.*"
version = "5.1.2"

[[package]]
category = "main"
description = "Makes it easy to respect rate limits."
name = "ratelim"
optional = false
python-versions = "*"
version = "0.1.6"

[package.dependencies]
decorator = "*"

[[package]]
category = "main"
description = "Python HTTP for Humans."
name = "requests"
optional = false
python-versions = ">=2.7, !=3.0.*, !=3.1.*, !=3.2.*, !=3.3.*, !=3.4.*"
version = "2.22.0"

[package.dependencies]
certifi = ">=2017.4.17"
chardet = ">=3.0.2,<3.1.0"
idna = ">=2.5,<2.9"
urllib3 = ">=1.21.1,<1.25.0 || >1.25.0,<1.25.1 || >1.25.1,<1.26"

[[package]]
category = "main"
description = "Python 2 and 3 compatibility utilities"
name = "six"
optional = false
python-versions = ">=2.6, !=3.0.*, !=3.1.*"
version = "1.12.0"

[[package]]
category = "main"
description = "Sorted Containers -- Sorted List, Sorted Dict, Sorted Set"
name = "sortedcontainers"
optional = false
python-versions = "*"
version = "2.1.0"

[[package]]
category = "main"
description = "Pretty-print tabular data"
name = "tabulate"
optional = false
python-versions = "*"
version = "0.8.5"

[[package]]
category = "main"
description = "Traceback serialization library."
name = "tblib"
optional = false
python-versions = ">=2.7, !=3.0.*, !=3.1.*, !=3.2.*, !=3.3.*"
version = "1.4.0"

[[package]]
category = "main"
description = "The most basic Text::Unidecode port"
name = "text-unidecode"
optional = false
python-versions = "*"
version = "1.3"

[[package]]
category = "main"
description = "Python Library for Tom's Obvious, Minimal Language"
name = "toml"
optional = false
python-versions = "*"
version = "0.10.0"

[[package]]
category = "main"
description = "List processing tools and functional utilities"
name = "toolz"
optional = false
python-versions = ">=2.7, !=3.0.*, !=3.1.*, !=3.2.*, !=3.3.*"
version = "0.10.0"

[[package]]
category = "main"
description = "Tornado is a Python web framework and asynchronous networking library, originally developed at FriendFeed."
name = "tornado"
optional = false
python-versions = ">= 3.5"
version = "6.0.3"

[[package]]
category = "main"
description = "Type Hints for Python"
name = "typing"
optional = false
python-versions = "*"
version = "3.7.4.1"

[[package]]
category = "main"
description = "Backported and Experimental Type Hints for Python 3.5+"
name = "typing-extensions"
optional = false
python-versions = "*"
version = "3.7.4"

[package.dependencies]
typing = ">=3.7.4"

[[package]]
category = "main"
description = "HTTP library with thread-safe connection pooling, file post, and more."
name = "urllib3"
optional = false
python-versions = ">=2.7, !=3.0.*, !=3.1.*, !=3.2.*, !=3.3.*, <4"
version = "1.25.6"

[[package]]
category = "main"
description = "WebSocket client for Python. hybi13 is supported."
name = "websocket-client"
optional = false
python-versions = ">=2.6, !=3.0.*, !=3.1.*, !=3.2.*, !=3.3.*"
version = "0.56.0"

[package.dependencies]
six = "*"

[[package]]
category = "main"
description = "Mutable mapping tools"
name = "zict"
optional = false
python-versions = "*"
version = "1.0.0"

[package.dependencies]
heapdict = "*"

[metadata]
content-hash = "62428084fe8ed35f9186c82d4aa5a2ac8367bf951e1b4584466954b0ed608c88"
python-versions = "^3.7"

[metadata.hashes]
certifi = ["e4f3620cfea4f83eedc95b24abd9cd56f3c4b146dd0177e83a21b4eb49e21e50", "fd7c7c74727ddcf00e9acd26bba8da604ffec95bf1c2144e67aff7a8b50e6cef"]
chardet = ["84ab92ed1c4d4f16916e05906b6b75a6c0fb5db821cc65e70cbd64a3e2a5eaae", "fc323ffcaeaed0e0a02bf4d117757b98aed530d9ed4531e3e15460124c106691"]
click = ["2335065e6395b9e67ca716de5f7526736bfa6ceead690adf616d925bdc622b13", "5b94b49521f6456670fdb30cd82a4eca9412788a93fa6dd6df72c94d5a8ff2d7"]
cloudpickle = ["922401d7140e133253ff5fab4faa4a1166416066453a783b00b507dca93f8859", "f3ef2c9d438f1553ce7795afb18c1f190d8146132496169ef6aa9b7b65caa4c3"]
croniter = ["0d905dbe6f131a910fd3dde792f0129788cd2cb3a8048c5f7aaa212670b0cef2", "538adeb3a7f7816c3cdec6db974c441620d764c25ff4ed0146ee7296b8a50590"]
dask = ["81c7891f0d2e7ac03d1f7fabf1f639360a1db52c03a7155ba9b08e9ee6280f2b", "876aaae1b36e92353bc42503283981c6e54718f897746991f13ef31a87efe4f6"]
decorator = ["86156361c50488b84a3f148056ea716ca587df2f0de1d34750d35c21312725de", "f069f3a01830ca754ba5258fde2278454a0b5b79e0d7f5c13b3b97e57d4acff6"]
distributed = ["30b0ca195ace1e39bdd278bf1ad257f7674b3e2b8e7a2a37ce7e2ade4aecccf3", "5f1082c158e976e23b05fa4d22566fec16c013c9bba12a428ea7be3fd47be4e0"]
docker = ["6e06c5e70ba4fad73e35f00c55a895a448398f3ada7faae072e2bb01348bafc1", "8f93775b8bdae3a2df6bc9a5312cce564cade58d6555f2c2570165a1270cd8a7"]
fsspec = ["6531a5fa9ea6bf27a5180d225558a8a7aa5d7c3cbf7e8b146dd37ac699017937"]
future = ["6142ef79e2416e432931d527452a1cab3aa4a754a0a53d25b2589f79e1106f34"]
geocoder = ["a733e1dfbce3f4e1a526cac03aadcedb8ed1239cf55bd7f3a23c60075121a834", "c9925374c961577d0aee403b09e6f8ea1971d913f011f00ca70c76beaf7a77e7"]
heapdict = ["6065f90933ab1bb7e50db403b90cab653c853690c5992e69294c2de2b253fc92", "8495f57b3e03d8e46d5f1b2cc62ca881aca392fd5cc048dc0aa2e1a6d23ecdb6"]
idna = ["c357b3f628cf53ae2c4c05627ecc484553142ca23264e593d327bcde5e9c3407", "ea8b7f6188e6fa117537c3df7da9fc686d485087abf6ac197f9c46432f7e4a3c"]
locket = ["1fee63c1153db602b50154684f5725564e63a0f6d09366a1cb13dffcec179fb4"]
marshmallow = ["4b790b6910c0261d22de296ed42569affcbd80097eb770eb6088a79bef69c330", "fe31ac05fbde972909a752d12b808cbbc15a50ed0a692410e1b227ff10b483ff"]
marshmallow-oneofschema = ["29673bcc415f4a2098e273bf3c8229bc1a33e91378885eac90b06943bd626110", "b88daa4f2de249e0a51a617aa09490f896acaddef6f6cf97dda78218c5abb86f"]
msgpack = ["0cc7ca04e575ba34fea7cfcd76039f55def570e6950e4155a4174368142c8e1b", "187794cd1eb73acccd528247e3565f6760bd842d7dc299241f830024a7dd5610", "1904b7cb65342d0998b75908304a03cb004c63ef31e16c8c43fee6b989d7f0d7", "229a0ccdc39e9b6c6d1033cd8aecd9c296823b6c87f0de3943c59b8bc7c64bee", "24149a75643aeaa81ece4259084d11b792308a6cf74e796cbb35def94c89a25a", "30b88c47e0cdb6062daed88ca283b0d84fa0d2ad6c273aa0788152a1c643e408", "32fea0ea3cd1ef820286863a6202dcfd62a539b8ec3edcbdff76068a8c2cc6ce", "355f7fd0f90134229eaeefaee3cf42e0afc8518e8f3cd4b25f541a7104dcb8f9", "4abdb88a9b67e64810fb54b0c24a1fd76b12297b4f7a1467d85a14dd8367191a", "757bd71a9b89e4f1db0622af4436d403e742506dbea978eba566815dc65ec895", "76df51492bc6fa6cc8b65d09efdb67cbba3cbfe55004c3afc81352af92b4a43c", "774f5edc3475917cd95fe593e625d23d8580f9b48b570d8853d06cac171cd170", "8a3ada8401736df2bf497f65589293a86c56e197a80ae7634ec2c3150a2f5082", "a06efd0482a1942aad209a6c18321b5e22d64eb531ea20af138b28172d8f35ba", "b24afc52e18dccc8c175de07c1d680bdf315844566f4952b5bedb908894bec79", "b8b4bd3dafc7b92608ae5462add1c8cc881851c2d4f5d8977fdea5b081d17f21", "c6e5024fc0cdf7f83b6624850309ddd7e06c48a75fa0d1c5173de4d93300eb19", "db7ff14abc73577b0bcbcf73ecff97d3580ecaa0fc8724babce21fdf3fe08ef6", "dedf54d72d9e7b6d043c244c8213fe2b8bbfe66874b9a65b39c4cc892dd99dd4", "ea3c2f859346fcd55fc46e96885301d9c2f7a36d453f5d8f2967840efa1e1830", "f0f47bafe9c9b8ed03e19a100a743662dd8c6d0135e684feea720a0d0046d116"]
mypy-extensions = ["a161e3b917053de87dbe469987e173e49fb454eca10ef28b48b384538cc11458"]
partd = ["54fd91bc3b9c38159c790cd16950dbca6b019a2ead4c51dee4f9efc884f8ce0e", "f278ded3a62560db4a0d1529664fedc440585c520407a53b071fdbfb043187b9"]
pendulum = ["1cde6e3c6310fb882c98f373795f807cb2bd6af01f34d2857e6e283b5ee91e09", "485aef2089defee88607d37d5bc238934d0b90993d7bf9ceb36e481af41e9c66", "57801754e05f30e8a7e4d24734c9fad82c6c3ec489151555f0fc66bb32ba6d6d", "7ee344bc87cb425b04717b90d14ffde14c1dd64eaa73060b3772edcf57f3e866", "c460f4d8dc41ec3c4377ac1807678cd72fe5e973cc2943c104ffdeaac32dacb7", "d3078e007315a959989c41cee5cfd63cfeeca21dd3d8295f4bc24199489e9b6c"]
prefect = ["5c244aff8c54ed14f119a7c9f7ff4b85b7f2e51b0ac0762023c0618e2c1acc6c", "fb48d91356178cc9c9e04d8f3ee35ed9621ba525b522c20e9a0e910659c76ca8"]
psutil = ["028a1ec3c6197eadd11e7b46e8cc2f0720dc18ac6d7aabdb8e8c0d6c9704f000", "503e4b20fa9d3342bcf58191bbc20a4a5ef79ca7df8972e6197cc14c5513e73d", "863a85c1c0a5103a12c05a35e59d336e1d665747e531256e061213e2e90f63f3", "954f782608bfef9ae9f78e660e065bd8ffcfaea780f9f2c8a133bb7cb9e826d7", "b6e08f965a305cd84c2d07409bc16fbef4417d67b70c53b299116c5b895e3f45", "bc96d437dfbb8865fc8828cf363450001cb04056bbdcdd6fc152c436c8a74c61", "cf49178021075d47c61c03c0229ac0c60d5e2830f8cab19e2d88e579b18cdb76", "d5350cb66690915d60f8b233180f1e49938756fb2d501c93c44f8fb5b970cc63", "eba238cf1989dfff7d483c029acb0ac4fcbfc15de295d682901f0e2497e6781a"]
pypiwin32 = ["67adf399debc1d5d14dffc1ab5acacb800da569754fafdc576b2a039485aa775", "71be40c1fbd28594214ecaecb58e7aa8b708eabfa0125c8a109ebd51edbd776a"]
python-box = ["7d091f833680a02b6f1fc6c062ea8f6e5ece28b30b13675b2cdb8d9eb07db918", "ff2ccbbc06b9b8cfb4d00e3113079bfcd4a050365ad9aa774cb3003da705ad06"]
python-dateutil = ["7e6584c74aeed623791615e26efd690f29817a27c73085b78e4bad02493df2fb", "c89805f6f4d64db21ed966fda138f8a5ed7a4fdbc1a8ee329ce1b74e3c74da9e"]
python-slugify = ["8653d589308c91c67fe5c97a2afda0cfac9492061e69c0db90d1aef68fcd2332"]
pytz = ["1c557d7d0e871de1f5ccd5833f60fb2550652da6be2693c1e02300743d21500d", "b02c06db6cf09c12dd25137e563b31700d3b80fcc4ad23abb7a315f2789819be"]
pytzdata = ["84c52b9a47d097fcd483f047a544979de6c3a86e94c845e3569e9f8acd0fa071", "fac06f7cdfa903188dc4848c655e4adaee67ee0f2fe08e7daf815cf2a761ee5e"]
pywin32 = ["0443e9bb196e72480f50cbddc2cf98fbb858a77d02e281ba79489ea3287b36e9", "09bbe7cdb29eb40ab2e83f7a232eeeedde864be7a0622b70a90f456aad07a234", "0d8e0f47808798d320c983574c36c49db642678902933a210edd40157d206fd0", "0db7c9f4b93528afd080d35912a60be2f86a1d6c49c0a9cf9cedd106eed81ea3", "749e590875051661ecefbd9dfa957a485016de0f25e43f5e70f888ef1e29587b", "779d3e9d4b934f2445d2920c3941416d99af72eb7f7fd57a63576cc8aa540ad6", "7c89d2c11a31c7aaa16dc4d25054d7e0e99d6f6b24193cf62c83850484658c87", "81f7732b662c46274d7d8c411c905d53e71999cba95457a0686467c3ebc745ca", "9db1fb8830bfa99c5bfd335d4482c14db5c6f5028db3b006787ef4200206242b", "bd8d04835db28646d9e07fd0ab7c7b18bd90e89dfdc559e60389179495ef30da", "fc6822a68afd79e97b015985dd455767c72009b81bcd18957068626c43f11e75", "fe6cfc2045931866417740b575231c7e12d69d481643be1493487ad53b089959"]
pyyaml = ["0113bc0ec2ad727182326b61326afa3d1d8280ae1122493553fd6f4397f33df9", "01adf0b6c6f61bd11af6e10ca52b7d4057dd0be0343eb9283c878cf3af56aee4", "5124373960b0b3f4aa7df1707e63e9f109b5263eca5976c66e08b1c552d4eaf8", "5ca4f10adbddae56d824b2c09668e91219bb178a1eee1faa56af6f99f11bf696", "7907be34ffa3c5a32b60b95f4d95ea25361c951383a894fec31be7252b2b6f34", "7ec9b2a4ed5cad025c2278a1e6a19c011c80a3caaac804fd2d329e9cc2c287c9", "87ae4c829bb25b9fe99cf71fbb2140c448f534e24c998cc60f39ae4f94396a73", "9de9919becc9cc2ff03637872a440195ac4241c80536632fffeb6a1e25a74299", "a5a85b10e450c66b49f98846937e8cfca1db3127a9d5d1e31ca45c3d0bef4c5b", "b0997827b4f6a7c286c01c5f60384d218dca4ed7d9efa945c3e1aa623d5709ae", "b631ef96d3222e62861443cc89d6563ba3eeb816eeb96b2629345ab795e53681", "bf47c0607522fdbca6c9e817a6e81b08491de50f3766a7a0e6a5be7905961b41", "f81025eddd0327c7d4cfe9b62cf33190e1e736cc6e97502b3ec425f574b3e7a8"]
ratelim = ["826d32177e11f9a12831901c9fda6679fd5bbea3605910820167088f5acbb11d", "e1a7dd39e6b552b7cc7f52169cd66cdb826a1a30198e355d7016012987c9ad08"]
requests = ["11e007a8a2aa0323f5a921e9e6a2d7e4e67d9877e85773fba9ba6419025cbeb4", "9cf5292fcd0f598c671cfc1e0d7d1a7f13bb8085e9a590f48c010551dc6c4b31"]
six = ["3350809f0555b11f552448330d0b52d5f24c91a322ea4a15ef22629740f3761c", "d16a0141ec1a18405cd4ce8b4613101da75da0e9a7aec5bdd4fa804d0e0eba73"]
sortedcontainers = ["974e9a32f56b17c1bac2aebd9dcf197f3eb9cd30553c5852a3187ad162e1a03a", "d9e96492dd51fae31e60837736b38fe42a187b5404c16606ff7ee7cd582d4c60"]
tabulate = ["d0097023658d4dea848d6ae73af84532d1e86617ac0925d1adf1dd903985dac3"]
tblib = ["49188d1ed69938811e654a8f6e6a3cfca8a578d8fa95318d8a9861c7f4fccd19", "bd1ad564564a158ff62c290687f3db446038f9ac11a0bf6892712e3601af3bcd"]
text-unidecode = ["1311f10e8b895935241623731c2ba64f4c455287888b18189350b67134a822e8", "bad6603bb14d279193107714b288be206cac565dfa49aa5b105294dd5c4aab93"]
toml = ["229f81c57791a41d65e399fc06bf0848bab550a9dfd5ed66df18ce5f05e73d5c", "235682dd292d5899d361a811df37e04a8828a5b1da3115886b73cf81ebc9100e", "f1db651f9657708513243e61e6cc67d101a39bad662eaa9b5546f789338e07a3"]
toolz = ["08fdd5ef7c96480ad11c12d472de21acd32359996f69a5259299b540feba4560"]
tornado = ["349884248c36801afa19e342a77cc4458caca694b0eda633f5878e458a44cb2c", "398e0d35e086ba38a0427c3b37f4337327231942e731edaa6e9fd1865bbd6f60", "4e73ef678b1a859f0cb29e1d895526a20ea64b5ffd510a2307b5998c7df24281", "559bce3d31484b665259f50cd94c5c28b961b09315ccd838f284687245f416e5", "abbe53a39734ef4aba061fca54e30c6b4639d3e1f59653f0da37a0003de148c7", "c845db36ba616912074c5b1ee897f8e0124df269468f25e4fe21fe72f6edd7a9", "c9399267c926a4e7c418baa5cbe91c7d1cf362d505a1ef898fde44a07c9dd8a5"]
typing = ["91dfe6f3f706ee8cc32d38edbbf304e9b7583fb37108fef38229617f8b3eba23", "c8cabb5ab8945cd2f54917be357d134db9cc1eb039e59d1606dc1e60cb1d9d36", "f38d83c5a7a7086543a0f649564d661859c5146a85775ab90c0d2f93ffaa9714"]
typing-extensions = ["2ed632b30bb54fc3941c382decfd0ee4148f5c591651c9272473fea2c6397d95", "b1edbbf0652660e32ae780ac9433f4231e7339c7f9a8057d0f042fcbcea49b87", "d8179012ec2c620d3791ca6fe2bf7979d979acdbef1fca0bc56b37411db682ed"]
urllib3 = ["3de946ffbed6e6746608990594d08faac602528ac7015ac28d33cee6a45b7398", "9a107b99a5393caf59c7aa3c1249c16e6879447533d0887f4336dde834c7be86"]
websocket-client = ["1151d5fb3a62dc129164292e1227655e4bbc5dd5340a5165dfae61128ec50aa9", "1fd5520878b68b84b5748bb30e592b10d0a91529d5383f74f4964e72b297fd3a"]
zict = ["be8c7a24e3e78f871b72bfff16245105d1f0448606b1decdae054a14bfdf5996", "e34dd25ea97def518fb4c77f2c27078f3a7d6c965b0a3ac8fe5bdb0a8011a310"]
